
Microsoft Visual Studio Solution File, Format Version 12.00
# Visual Studio 2013
VisualStudioVersion = 12.0.21005.1
MinimumVisualStudioVersion = 10.0.40219.1
Project("{FAE04EC0-301F-11D3-BF4B-00C04F79EFBC}") = "MyMVC4", "MyMVC4\MyMVC4.csproj", "{37557E5B-72BF-443F-BC4E-131058277DD7}"
EndProject
Project("{FAE04EC0-301F-11D3-BF4B-00C04F79EFBC}") = "DataCustomer_Api", "DataCustomer_Api\DataCustomer_Api.csproj", "{50AF7505-A4ED-4A67-9DCC-0D38498D8385}"
EndProject
Project("{FAE04EC0-301F-11D3-BF4B-00C04F79EFBC}") = "WebProxy", "WebProxy\WebProxy.csproj", "{BE0B0450-7ECE-483F-ADC2-DBED6E32DD23}"
EndProject
Project("{FAE04EC0-301F-11D3-BF4B-00C04F79EFBC}") = "ApiHelper", "BaseProxy\ApiHelper.csproj", "{92AE75C3-26FF-4CF8-9B72-2A30B02FF491}"
EndProject
Global
	GlobalSection(SolutionConfigurationPlatforms) = preSolution
		Debug|Any CPU = Debug|Any CPU
		Release|Any CPU = Release|Any CPU
	EndGlobalSection
	GlobalSection(ProjectConfigurationPlatforms) = postSolution
		{37557E5B-72BF-443F-BC4E-131058277DD7}.Debug|Any CPU.ActiveCfg = Debug|Any CPU
		{37557E5B-72BF-443F-BC4E-131058277DD7}.Debug|Any CPU.Build.0 = Debug|Any CPU
		{37557E5B-72BF-443F-BC4E-131058277DD7}.Release|Any CPU.ActiveCfg = Release|Any CPU
		{37557E5B-72BF-443F-BC4E-131058277DD7}.Release|Any CPU.Build.0 = Release|Any CPU
		{50AF7505-A4ED-4A67-9DCC-0D38498D8385}.Debug|Any CPU.ActiveCfg = Debug|Any CPU
		{50AF7505-A4ED-4A67-9DCC-0D38498D8385}.Debug|Any CPU.Build.0 = Debug|Any CPU
		{50AF7505-A4ED-4A67-9DCC-0D38498D8385}.Release|Any CPU.ActiveCfg = Release|Any CPU
		{50AF7505-A4ED-4A67-9DCC-0D38498D8385}.Release|Any CPU.Build.0 = Release|Any CPU
		{BE0B0450-7ECE-483F-ADC2-DBED6E32DD23}.Debug|Any CPU.ActiveCfg = Debug|Any CPU
		{BE0B0450-7ECE-483F-ADC2-DBED6E32DD23}.Debug|Any CPU.Build.0 = Debug|Any CPU
		{BE0B0450-7ECE-483F-ADC2-DBED6E32DD23}.Release|Any CPU.ActiveCfg = Release|Any CPU
		{BE0B0450-7ECE-483F-ADC2-DBED6E32DD23}.Release|Any CPU.Build.0 = Release|Any CPU
		{92AE75C3-26FF-4CF8-9B72-2A30B02FF491}.Debug|Any CPU.ActiveCfg = Debug|Any CPU
		{92AE75C3-26FF-4CF8-9B72-2A30B02FF491}.Debug|Any CPU.Build.0 = Debug|Any CPU
		{92AE75C3-26FF-4CF8-9B72-2A30B02FF491}.Release|Any CPU.ActiveCfg = Release|Any CPU
		{92AE75C3-26FF-4CF8-9B72-2A30B02FF491}.Release|Any CPU.Build.0 = Release|Any CPU
	EndGlobalSection
	GlobalSection(SolutionProperties) = preSolution
		HideSolutionNode = FALSE
	EndGlobalSection
EndGlobal
